
Microsoft Visual Studio Solution File, Format Version 12.00
# Visual Studio Version 16
VisualStudioVersion = 16.0.33801.447
MinimumVisualStudioVersion = 10.0.40219.1
Project("{FAE04EC0-301F-11D3-BF4B-00C04F79EFBC}") = "task1", "task1\task1.csproj", "{D83DAD24-177B-4C64-9F64-AB86E440ACFD}"
EndProject
Project("{FAE04EC0-301F-11D3-BF4B-00C04F79EFBC}") = "task2", "task2\task2.csproj", "{C4CD09CC-D93A-4A5F-BF0B-67469CFB0D1F}"
EndProject
Global
	GlobalSection(SolutionConfigurationPlatforms) = preSolution
		Debug|Any CPU = Debug|Any CPU
		Release|Any CPU = Release|Any CPU
	EndGlobalSection
	GlobalSection(ProjectConfigurationPlatforms) = postSolution
		{D83DAD24-177B-4C64-9F64-AB86E440ACFD}.Debug|Any CPU.ActiveCfg = Debug|Any CPU
		{D83DAD24-177B-4C64-9F64-AB86E440ACFD}.Debug|Any CPU.Build.0 = Debug|Any CPU
		{D83DAD24-177B-4C64-9F64-AB86E440ACFD}.Release|Any CPU.ActiveCfg = Release|Any CPU
		{D83DAD24-177B-4C64-9F64-AB86E440ACFD}.Release|Any CPU.Build.0 = Release|Any CPU
		{C4CD09CC-D93A-4A5F-BF0B-67469CFB0D1F}.Debug|Any CPU.ActiveCfg = Debug|Any CPU
		{C4CD09CC-D93A-4A5F-BF0B-67469CFB0D1F}.Debug|Any CPU.Build.0 = Debug|Any CPU
		{C4CD09CC-D93A-4A5F-BF0B-67469CFB0D1F}.Release|Any CPU.ActiveCfg = Release|Any CPU
		{C4CD09CC-D93A-4A5F-BF0B-67469CFB0D1F}.Release|Any CPU.Build.0 = Release|Any CPU
	EndGlobalSection
	GlobalSection(SolutionProperties) = preSolution
		HideSolutionNode = FALSE
	EndGlobalSection
	GlobalSection(ExtensibilityGlobals) = postSolution
		SolutionGuid = {4EA97208-99D7-4E12-A30D-F561D9EDC599}
	EndGlobalSection
EndGlobal
